# THIS IS AN AUTOGENERATED FILE. DO NOT EDIT THIS FILE DIRECTLY.
# yarn lockfile v1


eslint-config-p5js@^1.0.1:
  version "1.0.1"
  resolved "https://registry.yarnpkg.com/eslint-config-p5js/-/eslint-config-p5js-1.0.1.tgz#c041fa8cb5e7a1ce59101da95cbddfcb943e2fe2"
  integrity sha1-wEH6jLXnoc5ZEB2pXL3fy5Q+L+I=
